// !$*UTF8*$!
{
	archiveVersion = 1;
	classes = {
	};
	objectVersion = 50;
	objects = {

/* Begin PBXBuildFile section */
		3D97CBB4213E819B0090E507 /* AppDelegate.swift in Sources */ = {isa = PBXBuildFile; fileRef = 3D97CBB3213E819B0090E507 /* AppDelegate.swift */; };
		3D97CBB9213E819B0090E507 /* Main.storyboard in Resources */ = {isa = PBXBuildFile; fileRef = 3D97CBB7213E819B0090E507 /* Main.storyboard */; };
		3D97CBBB213E819C0090E507 /* Assets.xcassets in Resources */ = {isa = PBXBuildFile; fileRef = 3D97CBBA213E819C0090E507 /* Assets.xcassets */; };
		3D97CBBE213E819C0090E507 /* LaunchScreen.storyboard in Resources */ = {isa = PBXBuildFile; fileRef = 3D97CBBC213E819C0090E507 /* LaunchScreen.storyboard */; };
		3D97CBC9213E81EF0090E507 /* AlbumsTableViewController.swift in Sources */ = {isa = PBXBuildFile; fileRef = 3D97CBC8213E81EF0090E507 /* AlbumsTableViewController.swift */; };
		3D97CBCB213E8CCD0090E507 /* AlbumDetailTableViewController.swift in Sources */ = {isa = PBXBuildFile; fileRef = 3D97CBCA213E8CCD0090E507 /* AlbumDetailTableViewController.swift */; };
		3D97CBCD213E95DA0090E507 /* SongTableViewCell.swift in Sources */ = {isa = PBXBuildFile; fileRef = 3D97CBCC213E95DA0090E507 /* SongTableViewCell.swift */; };
		3D97CBCF213E965A0090E507 /* exampleAlbum.json in Resources */ = {isa = PBXBuildFile; fileRef = 3D97CBCE213E965A0090E507 /* exampleAlbum.json */; };
		3D97CBD1213E96740090E507 /* Album.swift in Sources */ = {isa = PBXBuildFile; fileRef = 3D97CBD0213E96740090E507 /* Album.swift */; };
/* End PBXBuildFile section */

/* Begin PBXFileReference section */
		3D97CBB0213E819B0090E507 /* ios-albums.app */ = {isa = PBXFileReference; explicitFileType = wrapper.application; includeInIndex = 0; path = "ios-albums.app"; sourceTree = BUILT_PRODUCTS_DIR; };
		3D97CBB3213E819B0090E507 /* AppDelegate.swift */ = {isa = PBXFileReference; lastKnownFileType = sourcecode.swift; path = AppDelegate.swift; sourceTree = "<group>"; };
		3D97CBB8213E819B0090E507 /* Base */ = {isa = PBXFileReference; lastKnownFileType = file.storyboard; name = Base; path = Base.lproj/Main.storyboard; sourceTree = "<group>"; };
		3D97CBBA213E819C0090E507 /* Assets.xcassets */ = {isa = PBXFileReference; lastKnownFileType = folder.assetcatalog; path = Assets.xcassets; sourceTree = "<group>"; };
		3D97CBBD213E819C0090E507 /* Base */ = {isa = PBXFileReference; lastKnownFileType = file.storyboard; name = Base; path = Base.lproj/LaunchScreen.storyboard; sourceTree = "<group>"; };
		3D97CBBF213E819C0090E507 /* Info.plist */ = {isa = PBXFileReference; lastKnownFileType = text.plist.xml; path = Info.plist; sourceTree = "<group>"; };
		3D97CBC8213E81EF0090E507 /* AlbumsTableViewController.swift */ = {isa = PBXFileReference; lastKnownFileType = sourcecode.swift; path = AlbumsTableViewController.swift; sourceTree = "<group>"; };
		3D97CBCA213E8CCD0090E507 /* AlbumDetailTableViewController.swift */ = {isa = PBXFileReference; lastKnownFileType = sourcecode.swift; path = AlbumDetailTableViewController.swift; sourceTree = "<group>"; };
		3D97CBCC213E95DA0090E507 /* SongTableViewCell.swift */ = {isa = PBXFileReference; lastKnownFileType = sourcecode.swift; path = SongTableViewCell.swift; sourceTree = "<group>"; };
		3D97CBCE213E965A0090E507 /* exampleAlbum.json */ = {isa = PBXFileReference; fileEncoding = 4; lastKnownFileType = text.json; name = exampleAlbum.json; path = ../../../exampleAlbum.json; sourceTree = "<group>"; };
		3D97CBD0213E96740090E507 /* Album.swift */ = {isa = PBXFileReference; lastKnownFileType = sourcecode.swift; path = Album.swift; sourceTree = "<group>"; };
/* End PBXFileReference section */

/* Begin PBXFrameworksBuildPhase section */
		3D97CBAD213E819B0090E507 /* Frameworks */ = {
			isa = PBXFrameworksBuildPhase;
			buildActionMask = 2147483647;
			files = (
			);
			runOnlyForDeploymentPostprocessing = 0;
		};
/* End PBXFrameworksBuildPhase section */

/* Begin PBXGroup section */
		3D97CBA7213E819B0090E507 = {
			isa = PBXGroup;
			children = (
				3D97CBB2213E819B0090E507 /* ios-albums */,
				3D97CBB1213E819B0090E507 /* Products */,
			);
			sourceTree = "<group>";
		};
		3D97CBB1213E819B0090E507 /* Products */ = {
			isa = PBXGroup;
			children = (
				3D97CBB0213E819B0090E507 /* ios-albums.app */,
			);
			name = Products;
			sourceTree = "<group>";
		};
		3D97CBB2213E819B0090E507 /* ios-albums */ = {
			isa = PBXGroup;
			children = (
				3D97CBB3213E819B0090E507 /* AppDelegate.swift */,
				3D97CBC6213E81AB0090E507 /* Models */,
				3D97CBC5213E81A30090E507 /* ViewControllers */,
				3D97CBC7213E81B20090E507 /* Resources */,
				3D97CBBF213E819C0090E507 /* Info.plist */,
			);
			path = "ios-albums";
			sourceTree = "<group>";
		};
		3D97CBC5213E81A30090E507 /* ViewControllers */ = {
			isa = PBXGroup;
			children = (
				3D97CBC8213E81EF0090E507 /* AlbumsTableViewController.swift */,
				3D97CBCA213E8CCD0090E507 /* AlbumDetailTableViewController.swift */,
				3D97CBCC213E95DA0090E507 /* SongTableViewCell.swift */,
			);
			path = ViewControllers;
			sourceTree = "<group>";
		};
		3D97CBC6213E81AB0090E507 /* Models */ = {
			isa = PBXGroup;
			children = (
				3D97CBD0213E96740090E507 /* Album.swift */,
			);
			path = Models;
			sourceTree = "<group>";
		};
		3D97CBC7213E81B20090E507 /* Resources */ = {
			isa = PBXGroup;
			children = (
				3D97CBB7213E819B0090E507 /* Main.storyboard */,
				3D97CBBA213E819C0090E507 /* Assets.xcassets */,
				3D97CBBC213E819C0090E507 /* LaunchScreen.storyboard */,
				3D97CBCE213E965A0090E507 /* exampleAlbum.json */,
			);
			path = Resources;
			sourceTree = "<group>";
		};
/* End PBXGroup section */

/* Begin PBXNativeTarget section */
		3D97CBAF213E819B0090E507 /* ios-albums */ = {
			isa = PBXNativeTarget;
			buildConfigurationList = 3D97CBC2213E819C0090E507 /* Build configuration list for PBXNativeTarget "ios-albums" */;
			buildPhases = (
				3D97CBAC213E819B0090E507 /* Sources */,
				3D97CBAD213E819B0090E507 /* Frameworks */,
				3D97CBAE213E819B0090E507 /* Resources */,
			);
			buildRules = (
			);
			dependencies = (
			);
			name = "ios-albums";
			productName = "ios-albums";
			productReference = 3D97CBB0213E819B0090E507 /* ios-albums.app */;
			productType = "com.apple.product-type.application";
		};
/* End PBXNativeTarget section */

/* Begin PBXProject section */
		3D97CBA8213E819B0090E507 /* Project object */ = {
			isa = PBXProject;
			attributes = {
				LastSwiftUpdateCheck = 1000;
				LastUpgradeCheck = 1000;
				ORGANIZATIONNAME = "De MicheliStefano";
				TargetAttributes = {
					3D97CBAF213E819B0090E507 = {
						CreatedOnToolsVersion = 10.0;
					};
				};
			};
			buildConfigurationList = 3D97CBAB213E819B0090E507 /* Build configuration list for PBXProject "ios-albums" */;
			compatibilityVersion = "Xcode 9.3";
			developmentRegion = en;
			hasScannedForEncodings = 0;
			knownRegions = (
				en,
				Base,
			);
			mainGroup = 3D97CBA7213E819B0090E507;
			productRefGroup = 3D97CBB1213E819B0090E507 /* Products */;
			projectDirPath = "";
			projectRoot = "";
			targets = (
				3D97CBAF213E819B0090E507 /* ios-albums */,
			);
		};
/* End PBXProject section */

/* Begin PBXResourcesBuildPhase section */
		3D97CBAE213E819B0090E507 /* Resources */ = {
			isa = PBXResourcesBuildPhase;
			buildActionMask = 2147483647;
			files = (
				3D97CBBE213E819C0090E507 /* LaunchScreen.storyboard in Resources */,
				3D97CBBB213E819C0090E507 /* Assets.xcassets in Resources */,
				3D97CBCF213E965A0090E507 /* exampleAlbum.json in Resources */,
				3D97CBB9213E819B0090E507 /* Main.storyboard in Resources */,
			);
			runOnlyForDeploymentPostprocessing = 0;
		};
/* End PBXResourcesBuildPhase section */

/* Begin PBXSourcesBuildPhase section */
		3D97CBAC213E819B0090E507 /* Sources */ = {
			isa = PBXSourcesBuildPhase;
			buildActionMask = 2147483647;
			files = (
				3D97CBCD213E95DA0090E507 /* SongTableViewCell.swift in Sources */,
				3D97CBB4213E819B0090E507 /* AppDelegate.swift in Sources */,
				3D97CBCB213E8CCD0090E507 /* AlbumDetailTableViewController.swift in Sources */,
				3D97CBC9213E81EF0090E507 /* AlbumsTableViewController.swift in Sources */,
				3D97CBD1213E96740090E507 /* Album.swift in Sources */,
			);
			runOnlyForDeploymentPostprocessing = 0;
		};
/* End PBXSourcesBuildPhase section */

/* Begin PBXVariantGroup section */
		3D97CBB7213E819B0090E507 /* Main.storyboard */ = {
			isa = PBXVariantGroup;
			children = (
				3D97CBB8213E819B0090E507 /* Base */,
			);
			name = Main.storyboard;
			sourceTree = "<group>";
		};
		3D97CBBC213E819C0090E507 /* LaunchScreen.storyboard */ = {
			isa = PBXVariantGroup;
			children = (
				3D97CBBD213E819C0090E507 /* Base */,
			);
			name = LaunchScreen.storyboard;
			sourceTree = "<group>";
		};
/* End PBXVariantGroup section */

/* Begin XCBuildConfiguration section */
		3D97CBC0213E819C0090E507 /* Debug */ = {
			isa = XCBuildConfiguration;
			buildSettings = {
				ALWAYS_SEARCH_USER_PATHS = NO;
				CLANG_ANALYZER_NONNULL = YES;
				CLANG_ANALYZER_NUMBER_OBJECT_CONVERSION = YES_AGGRESSIVE;
				CLANG_CXX_LANGUAGE_STANDARD = "gnu++14";
				CLANG_CXX_LIBRARY = "libc++";
				CLANG_ENABLE_MODULES = YES;
				CLANG_ENABLE_OBJC_ARC = YES;
				CLANG_ENABLE_OBJC_WEAK = YES;
				CLANG_WARN_BLOCK_CAPTURE_AUTORELEASING = YES;
				CLANG_WARN_BOOL_CONVERSION = YES;
				CLANG_WARN_COMMA = YES;
				CLANG_WARN_CONSTANT_CONVERSION = YES;
				CLANG_WARN_DEPRECATED_OBJC_IMPLEMENTATIONS = YES;
				CLANG_WARN_DIRECT_OBJC_ISA_USAGE = YES_ERROR;
				CLANG_WARN_DOCUMENTATION_COMMENTS = YES;
				CLANG_WARN_EMPTY_BODY = YES;
				CLANG_WARN_ENUM_CONVERSION = YES;
				CLANG_WARN_INFINITE_RECURSION = YES;
				CLANG_WARN_INT_CONVERSION = YES;
				CLANG_WARN_NON_LITERAL_NULL_CONVERSION = YES;
				CLANG_WARN_OBJC_IMPLICIT_RETAIN_SELF = YES;
				CLANG_WARN_OBJC_LITERAL_CONVERSION = YES;
				CLANG_WARN_OBJC_ROOT_CLASS = YES_ERROR;
				CLANG_WARN_RANGE_LOOP_ANALYSIS = YES;
				CLANG_WARN_STRICT_PROTOTYPES = YES;
				CLANG_WARN_SUSPICIOUS_MOVE = YES;
				CLANG_WARN_UNGUARDED_AVAILABILITY = YES_AGGRESSIVE;
				CLANG_WARN_UNREACHABLE_CODE = YES;
				CLANG_WARN__DUPLICATE_METHOD_MATCH = YES;
				CODE_SIGN_IDENTITY = "iPhone Developer";
				COPY_PHASE_STRIP = NO;
				DEBUG_INFORMATION_FORMAT = dwarf;
				ENABLE_STRICT_OBJC_MSGSEND = YES;
				ENABLE_TESTABILITY = YES;
				GCC_C_LANGUAGE_STANDARD = gnu11;
				GCC_DYNAMIC_NO_PIC = NO;
				GCC_NO_COMMON_BLOCKS = YES;
				GCC_OPTIMIZATION_LEVEL = 0;
				GCC_PREPROCESSOR_DEFINITIONS = (
					"DEBUG=1",
					"$(inherited)",
				);
				GCC_WARN_64_TO_32_BIT_CONVERSION = YES;
				GCC_WARN_ABOUT_RETURN_TYPE = YES_ERROR;
				GCC_WARN_UNDECLARED_SELECTOR = YES;
				GCC_WARN_UNINITIALIZED_AUTOS = YES_AGGRESSIVE;
				GCC_WARN_UNUSED_FUNCTION = YES;
				GCC_WARN_UNUSED_VARIABLE = YES;
				IPHONEOS_DEPLOYMENT_TARGET = 12.0;
				MTL_ENABLE_DEBUG_INFO = INCLUDE_SOURCE;
				ONLY_ACTIVE_ARCH = YES;
				SDKROOT = iphoneos;
				SWIFT_ACTIVE_COMPILATION_CONDITIONS = DEBUG;
				SWIFT_OPTIMIZATION_LEVEL = "-Onone";
			};
			name = Debug;
		};
		3D97CBC1213E819C0090E507 /* Release */ = {
			isa = XCBuildConfiguration;
			buildSettings = {
				ALWAYS_SEARCH_USER_PATHS = NO;
				CLANG_ANALYZER_NONNULL = YES;
				CLANG_ANALYZER_NUMBER_OBJECT_CONVERSION = YES_AGGRESSIVE;
				CLANG_CXX_LANGUAGE_STANDARD = "gnu++14";
				CLANG_CXX_LIBRARY = "libc++";
				CLANG_ENABLE_MODULES = YES;
				CLANG_ENABLE_OBJC_ARC = YES;
				CLANG_ENABLE_OBJC_WEAK = YES;
				CLANG_WARN_BLOCK_CAPTURE_AUTORELEASING = YES;
				CLANG_WARN_BOOL_CONVERSION = YES;
				CLANG_WARN_COMMA = YES;
				CLANG_WARN_CONSTANT_CONVERSION = YES;
				CLANG_WARN_DEPRECATED_OBJC_IMPLEMENTATIONS = YES;
				CLANG_WARN_DIRECT_OBJC_ISA_USAGE = YES_ERROR;
				CLANG_WARN_DOCUMENTATION_COMMENTS = YES;
				CLANG_WARN_EMPTY_BODY = YES;
				CLANG_WARN_ENUM_CONVERSION = YES;
				CLANG_WARN_INFINITE_RECURSION = YES;
				CLANG_WARN_INT_CONVERSION = YES;
				CLANG_WARN_NON_LITERAL_NULL_CONVERSION = YES;
				CLANG_WARN_OBJC_IMPLICIT_RETAIN_SELF = YES;
				CLANG_WARN_OBJC_LITERAL_CONVERSION = YES;
				CLANG_WARN_OBJC_ROOT_CLASS = YES_ERROR;
				CLANG_WARN_RANGE_LOOP_ANALYSIS = YES;
				CLANG_WARN_STRICT_PROTOTYPES = YES;
				CLANG_WARN_SUSPICIOUS_MOVE = YES;
				CLANG_WARN_UNGUARDED_AVAILABILITY = YES_AGGRESSIVE;
				CLANG_WARN_UNREACHABLE_CODE = YES;
				CLANG_WARN__DUPLICATE_METHOD_MATCH = YES;
				CODE_SIGN_IDENTITY = "iPhone Developer";
				COPY_PHASE_STRIP = NO;
				DEBUG_INFORMATION_FORMAT = "dwarf-with-dsym";
				ENABLE_NS_ASSERTIONS = NO;
				ENABLE_STRICT_OBJC_MSGSEND = YES;
				GCC_C_LANGUAGE_STANDARD = gnu11;
				GCC_NO_COMMON_BLOCKS = YES;
				GCC_WARN_64_TO_32_BIT_CONVERSION = YES;
				GCC_WARN_ABOUT_RETURN_TYPE = YES_ERROR;
				GCC_WARN_UNDECLARED_SELECTOR = YES;
				GCC_WARN_UNINITIALIZED_AUTOS = YES_AGGRESSIVE;
				GCC_WARN_UNUSED_FUNCTION = YES;
				GCC_WARN_UNUSED_VARIABLE = YES;
				IPHONEOS_DEPLOYMENT_TARGET = 12.0;
				MTL_ENABLE_DEBUG_INFO = NO;
				SDKROOT = iphoneos;
				SWIFT_COMPILATION_MODE = wholemodule;
				SWIFT_OPTIMIZATION_LEVEL = "-O";
				VALIDATE_PRODUCT = YES;
			};
			name = Release;
		};
		3D97CBC3213E819C0090E507 /* Debug */ = {
			isa = XCBuildConfiguration;
			buildSettings = {
				ASSETCATALOG_COMPILER_APPICON_NAME = AppIcon;
				CODE_SIGN_STYLE = Automatic;
				DEVELOPMENT_TEAM = 84BULQXU2Q;
				INFOPLIST_FILE = "ios-albums/Info.plist";
				LD_RUNPATH_SEARCH_PATHS = (
					"$(inherited)",
					"@executable_path/Frameworks",
				);
				PRODUCT_BUNDLE_IDENTIFIER = "com.stefano.ios-albums";
				PRODUCT_NAME = "$(TARGET_NAME)";
				SWIFT_VERSION = 4.2;
				TARGETED_DEVICE_FAMILY = "1,2";
			};
			name = Debug;
		};
		3D97CBC4213E819C0090E507 /* Release */ = {
			isa = XCBuildConfiguration;
			buildSettings = {
				ASSETCATALOG_COMPILER_APPICON_NAME = AppIcon;
				CODE_SIGN_STYLE = Automatic;
				DEVELOPMENT_TEAM = 84BULQXU2Q;
				INFOPLIST_FILE = "ios-albums/Info.plist";
				LD_RUNPATH_SEARCH_PATHS = (
					"$(inherited)",
					"@executable_path/Frameworks",
				);
				PRODUCT_BUNDLE_IDENTIFIER = "com.stefano.ios-albums";
				PRODUCT_NAME = "$(TARGET_NAME)";
				SWIFT_VERSION = 4.2;
				TARGETED_DEVICE_FAMILY = "1,2";
			};
			name = Release;
		};
/* End XCBuildConfiguration section */

/* Begin XCConfigurationList section */
		3D97CBAB213E819B0090E507 /* Build configuration list for PBXProject "ios-albums" */ = {
			isa = XCConfigurationList;
			buildConfigurations = (
				3D97CBC0213E819C0090E507 /* Debug */,
				3D97CBC1213E819C0090E507 /* Release */,
			);
			defaultConfigurationIsVisible = 0;
			defaultConfigurationName = Release;
		};
		3D97CBC2213E819C0090E507 /* Build configuration list for PBXNativeTarget "ios-albums" */ = {
			isa = XCConfigurationList;
			buildConfigurations = (
				3D97CBC3213E819C0090E507 /* Debug */,
				3D97CBC4213E819C0090E507 /* Release */,
			);
			defaultConfigurationIsVisible = 0;
			defaultConfigurationName = Release;
		};
/* End XCConfigurationList section */
	};
	rootObject = 3D97CBA8213E819B0090E507 /* Project object */;
}
